
Microsoft Visual Studio Solution File, Format Version 12.00
# Visual Studio 2013
VisualStudioVersion = 12.0.40629.0
MinimumVisualStudioVersion = 10.0.40219.1
Project("{FAE04EC0-301F-11D3-BF4B-00C04F79EFBC}") = "Otomotivist", "Mvc4WebRole\Otomotivist.csproj", "{3995E3C4-E78D-40B9-A103-B00D055FDCA3}"
EndProject
Project("{2150E333-8FDC-42A3-9474-1A3956D46DE8}") = "ViewLayer", "ViewLayer", "{BA56C647-7FFB-44A7-A9F5-10B35A59F68C}"
EndProject
Project("{2150E333-8FDC-42A3-9474-1A3956D46DE8}") = "AccessLAyer", "AccessLAyer", "{63F33F03-63F1-4A42-AEB1-479D8533A438}"
EndProject
Project("{FAE04EC0-301F-11D3-BF4B-00C04F79EFBC}") = "Dal", "Dal\Dal.csproj", "{6C6D07D7-D34A-4A58-A3A4-9C9F94F98630}"
EndProject
Project("{2150E333-8FDC-42A3-9474-1A3956D46DE8}") = "ModelLayer", "ModelLayer", "{4061F756-CB97-4412-BA40-82D224E2E763}"
EndProject
Project("{FAE04EC0-301F-11D3-BF4B-00C04F79EFBC}") = "BusinessObjects", "BusinessObjects\BusinessObjects.csproj", "{1C9C87B3-CA4B-4B2E-B1E2-57EB3D77E0A0}"
EndProject
Project("{2150E333-8FDC-42A3-9474-1A3956D46DE8}") = "DomainLayer", "DomainLayer", "{CCA32610-D56B-4B70-B431-279913003D02}"
EndProject
Project("{2150E333-8FDC-42A3-9474-1A3956D46DE8}") = "Domain", "Domain", "{32441070-CD38-4E14-996E-A05FD32E5637}"
EndProject
Project("{2150E333-8FDC-42A3-9474-1A3956D46DE8}") = "Ioc", "Ioc", "{EDE1745A-FB8E-4519-A7F8-2470C2CEA295}"
EndProject
Project("{2150E333-8FDC-42A3-9474-1A3956D46DE8}") = "ServiceLayer", "ServiceLayer", "{EB8DC4E2-E378-4E7E-81DB-013A838E4D29}"
EndProject
Project("{FAE04EC0-301F-11D3-BF4B-00C04F79EFBC}") = "Otomotivist.Service", "Otomotivist.ServiceLayer\Otomotivist.Service.csproj", "{82E7708A-2710-44BA-B70A-42B20C8E9899}"
EndProject
Project("{FAE04EC0-301F-11D3-BF4B-00C04F79EFBC}") = "Otomotivist.Domain", "Unitofwork_Ioc\Pos.Domain\Otomotivist.Domain.csproj", "{99306E2C-FEDB-4FCD-8F7E-0F238502E674}"
EndProject
Project("{FAE04EC0-301F-11D3-BF4B-00C04F79EFBC}") = "Otomotivist.IoC", "Unitofwork_Ioc\Pos.IoC\Otomotivist.IoC.csproj", "{616A8634-8CD1-4933-91FF-B071EE1A0F57}"
EndProject
Global
	GlobalSection(SolutionConfigurationPlatforms) = preSolution
		Debug|Any CPU = Debug|Any CPU
		Release|Any CPU = Release|Any CPU
	EndGlobalSection
	GlobalSection(ProjectConfigurationPlatforms) = postSolution
		{3995E3C4-E78D-40B9-A103-B00D055FDCA3}.Debug|Any CPU.ActiveCfg = Debug|Any CPU
		{3995E3C4-E78D-40B9-A103-B00D055FDCA3}.Debug|Any CPU.Build.0 = Debug|Any CPU
		{3995E3C4-E78D-40B9-A103-B00D055FDCA3}.Release|Any CPU.ActiveCfg = Release|Any CPU
		{3995E3C4-E78D-40B9-A103-B00D055FDCA3}.Release|Any CPU.Build.0 = Release|Any CPU
		{6C6D07D7-D34A-4A58-A3A4-9C9F94F98630}.Debug|Any CPU.ActiveCfg = Debug|Any CPU
		{6C6D07D7-D34A-4A58-A3A4-9C9F94F98630}.Debug|Any CPU.Build.0 = Debug|Any CPU
		{6C6D07D7-D34A-4A58-A3A4-9C9F94F98630}.Release|Any CPU.ActiveCfg = Release|Any CPU
		{6C6D07D7-D34A-4A58-A3A4-9C9F94F98630}.Release|Any CPU.Build.0 = Release|Any CPU
		{1C9C87B3-CA4B-4B2E-B1E2-57EB3D77E0A0}.Debug|Any CPU.ActiveCfg = Debug|Any CPU
		{1C9C87B3-CA4B-4B2E-B1E2-57EB3D77E0A0}.Debug|Any CPU.Build.0 = Debug|Any CPU
		{1C9C87B3-CA4B-4B2E-B1E2-57EB3D77E0A0}.Release|Any CPU.ActiveCfg = Release|Any CPU
		{1C9C87B3-CA4B-4B2E-B1E2-57EB3D77E0A0}.Release|Any CPU.Build.0 = Release|Any CPU
		{82E7708A-2710-44BA-B70A-42B20C8E9899}.Debug|Any CPU.ActiveCfg = Debug|Any CPU
		{82E7708A-2710-44BA-B70A-42B20C8E9899}.Debug|Any CPU.Build.0 = Debug|Any CPU
		{82E7708A-2710-44BA-B70A-42B20C8E9899}.Release|Any CPU.ActiveCfg = Release|Any CPU
		{82E7708A-2710-44BA-B70A-42B20C8E9899}.Release|Any CPU.Build.0 = Release|Any CPU
		{99306E2C-FEDB-4FCD-8F7E-0F238502E674}.Debug|Any CPU.ActiveCfg = Debug|Any CPU
		{99306E2C-FEDB-4FCD-8F7E-0F238502E674}.Debug|Any CPU.Build.0 = Debug|Any CPU
		{99306E2C-FEDB-4FCD-8F7E-0F238502E674}.Release|Any CPU.ActiveCfg = Release|Any CPU
		{99306E2C-FEDB-4FCD-8F7E-0F238502E674}.Release|Any CPU.Build.0 = Release|Any CPU
		{616A8634-8CD1-4933-91FF-B071EE1A0F57}.Debug|Any CPU.ActiveCfg = Debug|Any CPU
		{616A8634-8CD1-4933-91FF-B071EE1A0F57}.Debug|Any CPU.Build.0 = Debug|Any CPU
		{616A8634-8CD1-4933-91FF-B071EE1A0F57}.Release|Any CPU.ActiveCfg = Release|Any CPU
		{616A8634-8CD1-4933-91FF-B071EE1A0F57}.Release|Any CPU.Build.0 = Release|Any CPU
	EndGlobalSection
	GlobalSection(SolutionProperties) = preSolution
		HideSolutionNode = FALSE
	EndGlobalSection
	GlobalSection(NestedProjects) = preSolution
		{3995E3C4-E78D-40B9-A103-B00D055FDCA3} = {BA56C647-7FFB-44A7-A9F5-10B35A59F68C}
		{6C6D07D7-D34A-4A58-A3A4-9C9F94F98630} = {63F33F03-63F1-4A42-AEB1-479D8533A438}
		{1C9C87B3-CA4B-4B2E-B1E2-57EB3D77E0A0} = {4061F756-CB97-4412-BA40-82D224E2E763}
		{32441070-CD38-4E14-996E-A05FD32E5637} = {CCA32610-D56B-4B70-B431-279913003D02}
		{EDE1745A-FB8E-4519-A7F8-2470C2CEA295} = {CCA32610-D56B-4B70-B431-279913003D02}
		{82E7708A-2710-44BA-B70A-42B20C8E9899} = {EB8DC4E2-E378-4E7E-81DB-013A838E4D29}
		{99306E2C-FEDB-4FCD-8F7E-0F238502E674} = {32441070-CD38-4E14-996E-A05FD32E5637}
		{616A8634-8CD1-4933-91FF-B071EE1A0F57} = {EDE1745A-FB8E-4519-A7F8-2470C2CEA295}
	EndGlobalSection
EndGlobal
